// !$*UTF8*$!
{
	archiveVersion = 1;
	classes = {
	};
	objectVersion = 51;
	objects = {

/* Begin PBXBuildFile section */
		8D52733FFEA4869716045A21 /* Pods_Music.framework in Frameworks */ = {isa = PBXBuildFile; fileRef = 2E73BE58F81A7B3FE6B42AF7 /* Pods_Music.framework */; };
		C464E89B25F76C7B005219AB /* AppDelegate.swift in Sources */ = {isa = PBXBuildFile; fileRef = C464E89A25F76C7B005219AB /* AppDelegate.swift */; };
		C464E89D25F76C7B005219AB /* SceneDelegate.swift in Sources */ = {isa = PBXBuildFile; fileRef = C464E89C25F76C7B005219AB /* SceneDelegate.swift */; };
		C464E89F25F76C7C005219AB /* ViewController.swift in Sources */ = {isa = PBXBuildFile; fileRef = C464E89E25F76C7C005219AB /* ViewController.swift */; };
		C464E8A425F76C7F005219AB /* Assets.xcassets in Resources */ = {isa = PBXBuildFile; fileRef = C464E8A325F76C7F005219AB /* Assets.xcassets */; };
		C464E8A725F76C7F005219AB /* LaunchScreen.storyboard in Resources */ = {isa = PBXBuildFile; fileRef = C464E8A525F76C7F005219AB /* LaunchScreen.storyboard */; };
		C464E8B025F76F9C005219AB /* MainTabBarController.swift in Sources */ = {isa = PBXBuildFile; fileRef = C464E8AF25F76F9C005219AB /* MainTabBarController.swift */; };
		C464E8B325F76FB8005219AB /* SearchTableViewController.swift in Sources */ = {isa = PBXBuildFile; fileRef = C464E8B225F76FB8005219AB /* SearchTableViewController.swift */; };
		C464E8BF25F7ABA2005219AB /* SearchResponse.swift in Sources */ = {isa = PBXBuildFile; fileRef = C464E8BE25F7ABA2005219AB /* SearchResponse.swift */; };
		C464E8C225F7B449005219AB /* NetworkService.swift in Sources */ = {isa = PBXBuildFile; fileRef = C464E8C125F7B449005219AB /* NetworkService.swift */; };
		C464E8DF25F7B9BC005219AB /* SearchPresenter.swift in Sources */ = {isa = PBXBuildFile; fileRef = C464E8D825F7B9BC005219AB /* SearchPresenter.swift */; };
		C464E8E025F7B9BC005219AB /* SearchWorker.swift in Sources */ = {isa = PBXBuildFile; fileRef = C464E8D925F7B9BC005219AB /* SearchWorker.swift */; };
		C464E8E125F7B9BC005219AB /* SearchRouter.swift in Sources */ = {isa = PBXBuildFile; fileRef = C464E8DA25F7B9BC005219AB /* SearchRouter.swift */; };
		C464E8E225F7B9BC005219AB /* SearchModels.swift in Sources */ = {isa = PBXBuildFile; fileRef = C464E8DB25F7B9BC005219AB /* SearchModels.swift */; };
		C464E8E325F7B9BC005219AB /* SearchViewController.swift in Sources */ = {isa = PBXBuildFile; fileRef = C464E8DC25F7B9BC005219AB /* SearchViewController.swift */; };
		C464E8E425F7B9BC005219AB /* SearchInteractor.swift in Sources */ = {isa = PBXBuildFile; fileRef = C464E8DD25F7B9BC005219AB /* SearchInteractor.swift */; };
		C464E8F025F8C845005219AB /* SearchViewController.storyboard in Resources */ = {isa = PBXBuildFile; fileRef = C464E8EF25F8C845005219AB /* SearchViewController.storyboard */; };
		C464E8F425F8CB1D005219AB /* UIViewController + Storyboard.swift in Sources */ = {isa = PBXBuildFile; fileRef = C464E8F325F8CB1D005219AB /* UIViewController + Storyboard.swift */; };
		C494DE3525FA64FD004EDF40 /* TrackCell.swift in Sources */ = {isa = PBXBuildFile; fileRef = C494DE3325FA64FD004EDF40 /* TrackCell.swift */; };
		C494DE3625FA64FD004EDF40 /* TrackCell.xib in Resources */ = {isa = PBXBuildFile; fileRef = C494DE3425FA64FD004EDF40 /* TrackCell.xib */; };
		C4C318002611996B000CFB5C /* CMTime + Extension.swift in Sources */ = {isa = PBXBuildFile; fileRef = C4C317FF2611996B000CFB5C /* CMTime + Extension.swift */; };
		C4C3180326122CDC000CFB5C /* Nib + Extension.swift in Sources */ = {isa = PBXBuildFile; fileRef = C4C3180226122CDC000CFB5C /* Nib + Extension.swift */; };
		C4E5973B2607334B0037F8E9 /* FooterView.swift in Sources */ = {isa = PBXBuildFile; fileRef = C4E5973A2607334B0037F8E9 /* FooterView.swift */; };
		C4E5973F260741350037F8E9 /* TrackDetailView.xib in Resources */ = {isa = PBXBuildFile; fileRef = C4E5973E260741350037F8E9 /* TrackDetailView.xib */; };
		C4E59742260741430037F8E9 /* TrackDetailView.swift in Sources */ = {isa = PBXBuildFile; fileRef = C4E59741260741430037F8E9 /* TrackDetailView.swift */; };
/* End PBXBuildFile section */

/* Begin PBXFileReference section */
		1C0D68214E31320077B0D2D9 /* Pods-Music.debug.xcconfig */ = {isa = PBXFileReference; includeInIndex = 1; lastKnownFileType = text.xcconfig; name = "Pods-Music.debug.xcconfig"; path = "Target Support Files/Pods-Music/Pods-Music.debug.xcconfig"; sourceTree = "<group>"; };
		2E73BE58F81A7B3FE6B42AF7 /* Pods_Music.framework */ = {isa = PBXFileReference; explicitFileType = wrapper.framework; includeInIndex = 0; path = Pods_Music.framework; sourceTree = BUILT_PRODUCTS_DIR; };
		BA19E19E2739D60C02EBE1C1 /* Pods-Music.release.xcconfig */ = {isa = PBXFileReference; includeInIndex = 1; lastKnownFileType = text.xcconfig; name = "Pods-Music.release.xcconfig"; path = "Target Support Files/Pods-Music/Pods-Music.release.xcconfig"; sourceTree = "<group>"; };
		C464E89725F76C7B005219AB /* Music.app */ = {isa = PBXFileReference; explicitFileType = wrapper.application; includeInIndex = 0; path = Music.app; sourceTree = BUILT_PRODUCTS_DIR; };
		C464E89A25F76C7B005219AB /* AppDelegate.swift */ = {isa = PBXFileReference; lastKnownFileType = sourcecode.swift; path = AppDelegate.swift; sourceTree = "<group>"; };
		C464E89C25F76C7B005219AB /* SceneDelegate.swift */ = {isa = PBXFileReference; lastKnownFileType = sourcecode.swift; path = SceneDelegate.swift; sourceTree = "<group>"; };
		C464E89E25F76C7C005219AB /* ViewController.swift */ = {isa = PBXFileReference; lastKnownFileType = sourcecode.swift; path = ViewController.swift; sourceTree = "<group>"; };
		C464E8A325F76C7F005219AB /* Assets.xcassets */ = {isa = PBXFileReference; lastKnownFileType = folder.assetcatalog; path = Assets.xcassets; sourceTree = "<group>"; };
		C464E8A625F76C7F005219AB /* Base */ = {isa = PBXFileReference; lastKnownFileType = file.storyboard; name = Base; path = Base.lproj/LaunchScreen.storyboard; sourceTree = "<group>"; };
		C464E8A825F76C7F005219AB /* Info.plist */ = {isa = PBXFileReference; lastKnownFileType = text.plist.xml; path = Info.plist; sourceTree = "<group>"; };
		C464E8AF25F76F9C005219AB /* MainTabBarController.swift */ = {isa = PBXFileReference; lastKnownFileType = sourcecode.swift; path = MainTabBarController.swift; sourceTree = "<group>"; };
		C464E8B225F76FB8005219AB /* SearchTableViewController.swift */ = {isa = PBXFileReference; lastKnownFileType = sourcecode.swift; path = SearchTableViewController.swift; sourceTree = "<group>"; };
		C464E8BE25F7ABA2005219AB /* SearchResponse.swift */ = {isa = PBXFileReference; lastKnownFileType = sourcecode.swift; path = SearchResponse.swift; sourceTree = "<group>"; };
		C464E8C125F7B449005219AB /* NetworkService.swift */ = {isa = PBXFileReference; lastKnownFileType = sourcecode.swift; path = NetworkService.swift; sourceTree = "<group>"; };
		C464E8D825F7B9BC005219AB /* SearchPresenter.swift */ = {isa = PBXFileReference; lastKnownFileType = sourcecode.swift; path = SearchPresenter.swift; sourceTree = "<group>"; };
		C464E8D925F7B9BC005219AB /* SearchWorker.swift */ = {isa = PBXFileReference; lastKnownFileType = sourcecode.swift; path = SearchWorker.swift; sourceTree = "<group>"; };
		C464E8DA25F7B9BC005219AB /* SearchRouter.swift */ = {isa = PBXFileReference; lastKnownFileType = sourcecode.swift; path = SearchRouter.swift; sourceTree = "<group>"; };
		C464E8DB25F7B9BC005219AB /* SearchModels.swift */ = {isa = PBXFileReference; lastKnownFileType = sourcecode.swift; path = SearchModels.swift; sourceTree = "<group>"; };
		C464E8DC25F7B9BC005219AB /* SearchViewController.swift */ = {isa = PBXFileReference; lastKnownFileType = sourcecode.swift; path = SearchViewController.swift; sourceTree = "<group>"; };
		C464E8DD25F7B9BC005219AB /* SearchInteractor.swift */ = {isa = PBXFileReference; lastKnownFileType = sourcecode.swift; path = SearchInteractor.swift; sourceTree = "<group>"; };
		C464E8E925F8C7E3005219AB /* Alamofire.framework */ = {isa = PBXFileReference; explicitFileType = wrapper.framework; path = Alamofire.framework; sourceTree = BUILT_PRODUCTS_DIR; };
		C464E8EF25F8C845005219AB /* SearchViewController.storyboard */ = {isa = PBXFileReference; lastKnownFileType = file.storyboard; path = SearchViewController.storyboard; sourceTree = "<group>"; };
		C464E8F325F8CB1D005219AB /* UIViewController + Storyboard.swift */ = {isa = PBXFileReference; lastKnownFileType = sourcecode.swift; path = "UIViewController + Storyboard.swift"; sourceTree = "<group>"; };
		C494DE3325FA64FD004EDF40 /* TrackCell.swift */ = {isa = PBXFileReference; lastKnownFileType = sourcecode.swift; path = TrackCell.swift; sourceTree = "<group>"; };
		C494DE3425FA64FD004EDF40 /* TrackCell.xib */ = {isa = PBXFileReference; lastKnownFileType = file.xib; path = TrackCell.xib; sourceTree = "<group>"; };
		C4C317FF2611996B000CFB5C /* CMTime + Extension.swift */ = {isa = PBXFileReference; lastKnownFileType = sourcecode.swift; path = "CMTime + Extension.swift"; sourceTree = "<group>"; };
		C4C3180226122CDC000CFB5C /* Nib + Extension.swift */ = {isa = PBXFileReference; lastKnownFileType = sourcecode.swift; path = "Nib + Extension.swift"; sourceTree = "<group>"; };
		C4E5973A2607334B0037F8E9 /* FooterView.swift */ = {isa = PBXFileReference; lastKnownFileType = sourcecode.swift; path = FooterView.swift; sourceTree = "<group>"; };
		C4E5973E260741350037F8E9 /* TrackDetailView.xib */ = {isa = PBXFileReference; lastKnownFileType = file.xib; path = TrackDetailView.xib; sourceTree = "<group>"; };
		C4E59741260741430037F8E9 /* TrackDetailView.swift */ = {isa = PBXFileReference; lastKnownFileType = sourcecode.swift; path = TrackDetailView.swift; sourceTree = "<group>"; };
/* End PBXFileReference section */

/* Begin PBXFrameworksBuildPhase section */
		C464E89425F76C7B005219AB /* Frameworks */ = {
			isa = PBXFrameworksBuildPhase;
			buildActionMask = 2147483647;
			files = (
				8D52733FFEA4869716045A21 /* Pods_Music.framework in Frameworks */,
			);
			runOnlyForDeploymentPostprocessing = 0;
		};
/* End PBXFrameworksBuildPhase section */

/* Begin PBXGroup section */
		C464E88E25F76C7B005219AB = {
			isa = PBXGroup;
			children = (
				C464E89925F76C7B005219AB /* Music */,
				C464E89825F76C7B005219AB /* Products */,
				FFE0EA36AD4F39EB6B7485CD /* Pods */,
				EF1149D33FEA8F489201A388 /* Frameworks */,
			);
			sourceTree = "<group>";
		};
		C464E89825F76C7B005219AB /* Products */ = {
			isa = PBXGroup;
			children = (
				C464E89725F76C7B005219AB /* Music.app */,
			);
			name = Products;
			sourceTree = "<group>";
		};
		C464E89925F76C7B005219AB /* Music */ = {
			isa = PBXGroup;
			children = (
				C464E89A25F76C7B005219AB /* AppDelegate.swift */,
				C464E89C25F76C7B005219AB /* SceneDelegate.swift */,
				C464E89E25F76C7C005219AB /* ViewController.swift */,
				C464E8AF25F76F9C005219AB /* MainTabBarController.swift */,
				C464E8D625F7B960005219AB /* Services */,
				C464E8C425F7B8AD005219AB /* Search */,
				C464E8F625F8CB22005219AB /* Helpers */,
				C464E8B225F76FB8005219AB /* SearchTableViewController.swift */,
				C464E8A325F76C7F005219AB /* Assets.xcassets */,
				C464E8A525F76C7F005219AB /* LaunchScreen.storyboard */,
				C464E8A825F76C7F005219AB /* Info.plist */,
			);
			path = Music;
			sourceTree = "<group>";
		};
		C464E8C425F7B8AD005219AB /* Search */ = {
			isa = PBXGroup;
			children = (
				C4E5973D260741080037F8E9 /* TrackDetailView */,
				C4E59739260733340037F8E9 /* FooterView */,
				C494DE3225FA64DE004EDF40 /* Cell */,
				C464E8EF25F8C845005219AB /* SearchViewController.storyboard */,
				C464E8DC25F7B9BC005219AB /* SearchViewController.swift */,
				C464E8DD25F7B9BC005219AB /* SearchInteractor.swift */,
				C464E8D825F7B9BC005219AB /* SearchPresenter.swift */,
				C464E8DB25F7B9BC005219AB /* SearchModels.swift */,
				C464E8D925F7B9BC005219AB /* SearchWorker.swift */,
				C464E8DA25F7B9BC005219AB /* SearchRouter.swift */,
			);
			path = Search;
			sourceTree = "<group>";
		};
		C464E8D625F7B960005219AB /* Services */ = {
			isa = PBXGroup;
			children = (
				C494DE3925FA6884004EDF40 /* Models */,
				C464E8C125F7B449005219AB /* NetworkService.swift */,
			);
			path = Services;
			sourceTree = "<group>";
		};
		C464E8F625F8CB22005219AB /* Helpers */ = {
			isa = PBXGroup;
			children = (
				C464E8F325F8CB1D005219AB /* UIViewController + Storyboard.swift */,
				C4C317FF2611996B000CFB5C /* CMTime + Extension.swift */,
				C4C3180226122CDC000CFB5C /* Nib + Extension.swift */,
			);
			path = Helpers;
			sourceTree = "<group>";
		};
		C494DE3225FA64DE004EDF40 /* Cell */ = {
			isa = PBXGroup;
			children = (
				C494DE3325FA64FD004EDF40 /* TrackCell.swift */,
				C494DE3425FA64FD004EDF40 /* TrackCell.xib */,
			);
			path = Cell;
			sourceTree = "<group>";
		};
		C494DE3925FA6884004EDF40 /* Models */ = {
			isa = PBXGroup;
			children = (
				C464E8BE25F7ABA2005219AB /* SearchResponse.swift */,
			);
			path = Models;
			sourceTree = "<group>";
		};
		C4E59739260733340037F8E9 /* FooterView */ = {
			isa = PBXGroup;
			children = (
				C4E5973A2607334B0037F8E9 /* FooterView.swift */,
			);
			path = FooterView;
			sourceTree = "<group>";
		};
		C4E5973D260741080037F8E9 /* TrackDetailView */ = {
			isa = PBXGroup;
			children = (
				C4E5973E260741350037F8E9 /* TrackDetailView.xib */,
				C4E59741260741430037F8E9 /* TrackDetailView.swift */,
			);
			path = TrackDetailView;
			sourceTree = "<group>";
		};
		EF1149D33FEA8F489201A388 /* Frameworks */ = {
			isa = PBXGroup;
			children = (
				C464E8E925F8C7E3005219AB /* Alamofire.framework */,
				2E73BE58F81A7B3FE6B42AF7 /* Pods_Music.framework */,
			);
			name = Frameworks;
			sourceTree = "<group>";
		};
		FFE0EA36AD4F39EB6B7485CD /* Pods */ = {
			isa = PBXGroup;
			children = (
				1C0D68214E31320077B0D2D9 /* Pods-Music.debug.xcconfig */,
				BA19E19E2739D60C02EBE1C1 /* Pods-Music.release.xcconfig */,
			);
			path = Pods;
			sourceTree = "<group>";
		};
/* End PBXGroup section */

/* Begin PBXNativeTarget section */
		C464E89625F76C7B005219AB /* Music */ = {
			isa = PBXNativeTarget;
			buildConfigurationList = C464E8AB25F76C7F005219AB /* Build configuration list for PBXNativeTarget "Music" */;
			buildPhases = (
				6541B0C17BDEEC6B6893CC54 /* [CP] Check Pods Manifest.lock */,
				C464E89325F76C7B005219AB /* Sources */,
				C464E89425F76C7B005219AB /* Frameworks */,
				C464E89525F76C7B005219AB /* Resources */,
				60A3C4F6FA25FA324F08A558 /* [CP] Embed Pods Frameworks */,
			);
			buildRules = (
			);
			dependencies = (
			);
			name = Music;
			productName = Music;
			productReference = C464E89725F76C7B005219AB /* Music.app */;
			productType = "com.apple.product-type.application";
		};
/* End PBXNativeTarget section */

/* Begin PBXProject section */
		C464E88F25F76C7B005219AB /* Project object */ = {
			isa = PBXProject;
			attributes = {
				LastSwiftUpdateCheck = 1230;
				LastUpgradeCheck = 1230;
				TargetAttributes = {
					C464E89625F76C7B005219AB = {
						CreatedOnToolsVersion = 12.3;
					};
				};
			};
			buildConfigurationList = C464E89225F76C7B005219AB /* Build configuration list for PBXProject "Music" */;
			compatibilityVersion = "Xcode 9.3";
			developmentRegion = en;
			hasScannedForEncodings = 0;
			knownRegions = (
				en,
				Base,
			);
			mainGroup = C464E88E25F76C7B005219AB;
			productRefGroup = C464E89825F76C7B005219AB /* Products */;
			projectDirPath = "";
			projectRoot = "";
			targets = (
				C464E89625F76C7B005219AB /* Music */,
			);
		};
/* End PBXProject section */

/* Begin PBXResourcesBuildPhase section */
		C464E89525F76C7B005219AB /* Resources */ = {
			isa = PBXResourcesBuildPhase;
			buildActionMask = 2147483647;
			files = (
				C464E8A725F76C7F005219AB /* LaunchScreen.storyboard in Resources */,
				C464E8A425F76C7F005219AB /* Assets.xcassets in Resources */,
				C464E8F025F8C845005219AB /* SearchViewController.storyboard in Resources */,
				C494DE3625FA64FD004EDF40 /* TrackCell.xib in Resources */,
				C4E5973F260741350037F8E9 /* TrackDetailView.xib in Resources */,
			);
			runOnlyForDeploymentPostprocessing = 0;
		};
/* End PBXResourcesBuildPhase section */

/* Begin PBXShellScriptBuildPhase section */
		60A3C4F6FA25FA324F08A558 /* [CP] Embed Pods Frameworks */ = {
			isa = PBXShellScriptBuildPhase;
			buildActionMask = 2147483647;
			files = (
			);
			inputFileListPaths = (
				"${PODS_ROOT}/Target Support Files/Pods-Music/Pods-Music-frameworks-${CONFIGURATION}-input-files.xcfilelist",
			);
			name = "[CP] Embed Pods Frameworks";
			outputFileListPaths = (
				"${PODS_ROOT}/Target Support Files/Pods-Music/Pods-Music-frameworks-${CONFIGURATION}-output-files.xcfilelist",
			);
			runOnlyForDeploymentPostprocessing = 0;
			shellPath = /bin/sh;
			shellScript = "\"${PODS_ROOT}/Target Support Files/Pods-Music/Pods-Music-frameworks.sh\"\n";
			showEnvVarsInLog = 0;
		};
		6541B0C17BDEEC6B6893CC54 /* [CP] Check Pods Manifest.lock */ = {
			isa = PBXShellScriptBuildPhase;
			buildActionMask = 2147483647;
			files = (
			);
			inputFileListPaths = (
			);
			inputPaths = (
				"${PODS_PODFILE_DIR_PATH}/Podfile.lock",
				"${PODS_ROOT}/Manifest.lock",
			);
			name = "[CP] Check Pods Manifest.lock";
			outputFileListPaths = (
			);
			outputPaths = (
				"$(DERIVED_FILE_DIR)/Pods-Music-checkManifestLockResult.txt",
			);
			runOnlyForDeploymentPostprocessing = 0;
			shellPath = /bin/sh;
			shellScript = "diff \"${PODS_PODFILE_DIR_PATH}/Podfile.lock\" \"${PODS_ROOT}/Manifest.lock\" > /dev/null\nif [ $? != 0 ] ; then\n    # print error to STDERR\n    echo \"error: The sandbox is not in sync with the Podfile.lock. Run 'pod install' or update your CocoaPods installation.\" >&2\n    exit 1\nfi\n# This output is used by Xcode 'outputs' to avoid re-running this script phase.\necho \"SUCCESS\" > \"${SCRIPT_OUTPUT_FILE_0}\"\n";
			showEnvVarsInLog = 0;
		};
/* End PBXShellScriptBuildPhase section */

/* Begin PBXSourcesBuildPhase section */
		C464E89325F76C7B005219AB /* Sources */ = {
			isa = PBXSourcesBuildPhase;
			buildActionMask = 2147483647;
			files = (
				C4C3180326122CDC000CFB5C /* Nib + Extension.swift in Sources */,
				C464E8E425F7B9BC005219AB /* SearchInteractor.swift in Sources */,
				C464E8F425F8CB1D005219AB /* UIViewController + Storyboard.swift in Sources */,
				C464E8E225F7B9BC005219AB /* SearchModels.swift in Sources */,
				C464E89F25F76C7C005219AB /* ViewController.swift in Sources */,
				C464E8E125F7B9BC005219AB /* SearchRouter.swift in Sources */,
				C4E5973B2607334B0037F8E9 /* FooterView.swift in Sources */,
				C4C318002611996B000CFB5C /* CMTime + Extension.swift in Sources */,
				C494DE3525FA64FD004EDF40 /* TrackCell.swift in Sources */,
				C464E89B25F76C7B005219AB /* AppDelegate.swift in Sources */,
				C464E8DF25F7B9BC005219AB /* SearchPresenter.swift in Sources */,
				C464E8BF25F7ABA2005219AB /* SearchResponse.swift in Sources */,
				C464E8E325F7B9BC005219AB /* SearchViewController.swift in Sources */,
				C464E8B325F76FB8005219AB /* SearchTableViewController.swift in Sources */,
				C464E8E025F7B9BC005219AB /* SearchWorker.swift in Sources */,
				C464E8B025F76F9C005219AB /* MainTabBarController.swift in Sources */,
				C464E89D25F76C7B005219AB /* SceneDelegate.swift in Sources */,
				C4E59742260741430037F8E9 /* TrackDetailView.swift in Sources */,
				C464E8C225F7B449005219AB /* NetworkService.swift in Sources */,
			);
			runOnlyForDeploymentPostprocessing = 0;
		};
/* End PBXSourcesBuildPhase section */

/* Begin PBXVariantGroup section */
		C464E8A525F76C7F005219AB /* LaunchScreen.storyboard */ = {
			isa = PBXVariantGroup;
			children = (
				C464E8A625F76C7F005219AB /* Base */,
			);
			name = LaunchScreen.storyboard;
			sourceTree = "<group>";
		};
/* End PBXVariantGroup section */

/* Begin XCBuildConfiguration section */
		C464E8A925F76C7F005219AB /* Debug */ = {
			isa = XCBuildConfiguration;
			buildSettings = {
				ALWAYS_SEARCH_USER_PATHS = NO;
				CLANG_ANALYZER_NONNULL = YES;
				CLANG_ANALYZER_NUMBER_OBJECT_CONVERSION = YES_AGGRESSIVE;
				CLANG_CXX_LANGUAGE_STANDARD = "gnu++14";
				CLANG_CXX_LIBRARY = "libc++";
				CLANG_ENABLE_MODULES = YES;
				CLANG_ENABLE_OBJC_ARC = YES;
				CLANG_ENABLE_OBJC_WEAK = YES;
				CLANG_WARN_BLOCK_CAPTURE_AUTORELEASING = YES;
				CLANG_WARN_BOOL_CONVERSION = YES;
				CLANG_WARN_COMMA = YES;
				CLANG_WARN_CONSTANT_CONVERSION = YES;
				CLANG_WARN_DEPRECATED_OBJC_IMPLEMENTATIONS = YES;
				CLANG_WARN_DIRECT_OBJC_ISA_USAGE = YES_ERROR;
				CLANG_WARN_DOCUMENTATION_COMMENTS = YES;
				CLANG_WARN_EMPTY_BODY = YES;
				CLANG_WARN_ENUM_CONVERSION = YES;
				CLANG_WARN_INFINITE_RECURSION = YES;
				CLANG_WARN_INT_CONVERSION = YES;
				CLANG_WARN_NON_LITERAL_NULL_CONVERSION = YES;
				CLANG_WARN_OBJC_IMPLICIT_RETAIN_SELF = YES;
				CLANG_WARN_OBJC_LITERAL_CONVERSION = YES;
				CLANG_WARN_OBJC_ROOT_CLASS = YES_ERROR;
				CLANG_WARN_QUOTED_INCLUDE_IN_FRAMEWORK_HEADER = YES;
				CLANG_WARN_RANGE_LOOP_ANALYSIS = YES;
				CLANG_WARN_STRICT_PROTOTYPES = YES;
				CLANG_WARN_SUSPICIOUS_MOVE = YES;
				CLANG_WARN_UNGUARDED_AVAILABILITY = YES_AGGRESSIVE;
				CLANG_WARN_UNREACHABLE_CODE = YES;
				CLANG_WARN__DUPLICATE_METHOD_MATCH = YES;
				COPY_PHASE_STRIP = NO;
				DEBUG_INFORMATION_FORMAT = dwarf;
				ENABLE_STRICT_OBJC_MSGSEND = YES;
				ENABLE_TESTABILITY = YES;
				GCC_C_LANGUAGE_STANDARD = gnu11;
				GCC_DYNAMIC_NO_PIC = NO;
				GCC_NO_COMMON_BLOCKS = YES;
				GCC_OPTIMIZATION_LEVEL = 0;
				GCC_PREPROCESSOR_DEFINITIONS = (
					"DEBUG=1",
					"$(inherited)",
				);
				GCC_WARN_64_TO_32_BIT_CONVERSION = YES;
				GCC_WARN_ABOUT_RETURN_TYPE = YES_ERROR;
				GCC_WARN_UNDECLARED_SELECTOR = YES;
				GCC_WARN_UNINITIALIZED_AUTOS = YES_AGGRESSIVE;
				GCC_WARN_UNUSED_FUNCTION = YES;
				GCC_WARN_UNUSED_VARIABLE = YES;
				IPHONEOS_DEPLOYMENT_TARGET = 14.3;
				MTL_ENABLE_DEBUG_INFO = INCLUDE_SOURCE;
				MTL_FAST_MATH = YES;
				ONLY_ACTIVE_ARCH = YES;
				SDKROOT = iphoneos;
				SWIFT_ACTIVE_COMPILATION_CONDITIONS = DEBUG;
				SWIFT_OPTIMIZATION_LEVEL = "-Onone";
			};
			name = Debug;
		};
		C464E8AA25F76C7F005219AB /* Release */ = {
			isa = XCBuildConfiguration;
			buildSettings = {
				ALWAYS_SEARCH_USER_PATHS = NO;
				CLANG_ANALYZER_NONNULL = YES;
				CLANG_ANALYZER_NUMBER_OBJECT_CONVERSION = YES_AGGRESSIVE;
				CLANG_CXX_LANGUAGE_STANDARD = "gnu++14";
				CLANG_CXX_LIBRARY = "libc++";
				CLANG_ENABLE_MODULES = YES;
				CLANG_ENABLE_OBJC_ARC = YES;
				CLANG_ENABLE_OBJC_WEAK = YES;
				CLANG_WARN_BLOCK_CAPTURE_AUTORELEASING = YES;
				CLANG_WARN_BOOL_CONVERSION = YES;
				CLANG_WARN_COMMA = YES;
				CLANG_WARN_CONSTANT_CONVERSION = YES;
				CLANG_WARN_DEPRECATED_OBJC_IMPLEMENTATIONS = YES;
				CLANG_WARN_DIRECT_OBJC_ISA_USAGE = YES_ERROR;
				CLANG_WARN_DOCUMENTATION_COMMENTS = YES;
				CLANG_WARN_EMPTY_BODY = YES;
				CLANG_WARN_ENUM_CONVERSION = YES;
				CLANG_WARN_INFINITE_RECURSION = YES;
				CLANG_WARN_INT_CONVERSION = YES;
				CLANG_WARN_NON_LITERAL_NULL_CONVERSION = YES;
				CLANG_WARN_OBJC_IMPLICIT_RETAIN_SELF = YES;
				CLANG_WARN_OBJC_LITERAL_CONVERSION = YES;
				CLANG_WARN_OBJC_ROOT_CLASS = YES_ERROR;
				CLANG_WARN_QUOTED_INCLUDE_IN_FRAMEWORK_HEADER = YES;
				CLANG_WARN_RANGE_LOOP_ANALYSIS = YES;
				CLANG_WARN_STRICT_PROTOTYPES = YES;
				CLANG_WARN_SUSPICIOUS_MOVE = YES;
				CLANG_WARN_UNGUARDED_AVAILABILITY = YES_AGGRESSIVE;
				CLANG_WARN_UNREACHABLE_CODE = YES;
				CLANG_WARN__DUPLICATE_METHOD_MATCH = YES;
				COPY_PHASE_STRIP = NO;
				DEBUG_INFORMATION_FORMAT = "dwarf-with-dsym";
				ENABLE_NS_ASSERTIONS = NO;
				ENABLE_STRICT_OBJC_MSGSEND = YES;
				GCC_C_LANGUAGE_STANDARD = gnu11;
				GCC_NO_COMMON_BLOCKS = YES;
				GCC_WARN_64_TO_32_BIT_CONVERSION = YES;
				GCC_WARN_ABOUT_RETURN_TYPE = YES_ERROR;
				GCC_WARN_UNDECLARED_SELECTOR = YES;
				GCC_WARN_UNINITIALIZED_AUTOS = YES_AGGRESSIVE;
				GCC_WARN_UNUSED_FUNCTION = YES;
				GCC_WARN_UNUSED_VARIABLE = YES;
				IPHONEOS_DEPLOYMENT_TARGET = 14.3;
				MTL_ENABLE_DEBUG_INFO = NO;
				MTL_FAST_MATH = YES;
				SDKROOT = iphoneos;
				SWIFT_COMPILATION_MODE = wholemodule;
				SWIFT_OPTIMIZATION_LEVEL = "-O";
				VALIDATE_PRODUCT = YES;
			};
			name = Release;
		};
		C464E8AC25F76C7F005219AB /* Debug */ = {
			isa = XCBuildConfiguration;
			baseConfigurationReference = 1C0D68214E31320077B0D2D9 /* Pods-Music.debug.xcconfig */;
			buildSettings = {
				ASSETCATALOG_COMPILER_APPICON_NAME = AppIcon;
				ASSETCATALOG_COMPILER_GLOBAL_ACCENT_COLOR_NAME = AccentColor;
				CODE_SIGN_STYLE = Automatic;
				DEVELOPMENT_TEAM = KP4A68PJ98;
				INFOPLIST_FILE = Music/Info.plist;
				LD_RUNPATH_SEARCH_PATHS = (
					"$(inherited)",
					"@executable_path/Frameworks",
				);
				PRODUCT_BUNDLE_IDENTIFIER = izzyumkin.Music;
				PRODUCT_NAME = "$(TARGET_NAME)";
				SWIFT_VERSION = 5.0;
				TARGETED_DEVICE_FAMILY = "1,2";
			};
			name = Debug;
		};
		C464E8AD25F76C7F005219AB /* Release */ = {
			isa = XCBuildConfiguration;
			baseConfigurationReference = BA19E19E2739D60C02EBE1C1 /* Pods-Music.release.xcconfig */;
			buildSettings = {
				ASSETCATALOG_COMPILER_APPICON_NAME = AppIcon;
				ASSETCATALOG_COMPILER_GLOBAL_ACCENT_COLOR_NAME = AccentColor;
				CODE_SIGN_STYLE = Automatic;
				DEVELOPMENT_TEAM = KP4A68PJ98;
				INFOPLIST_FILE = Music/Info.plist;
				LD_RUNPATH_SEARCH_PATHS = (
					"$(inherited)",
					"@executable_path/Frameworks",
				);
				PRODUCT_BUNDLE_IDENTIFIER = izzyumkin.Music;
				PRODUCT_NAME = "$(TARGET_NAME)";
				SWIFT_VERSION = 5.0;
				TARGETED_DEVICE_FAMILY = "1,2";
			};
			name = Release;
		};
/* End XCBuildConfiguration section */

/* Begin XCConfigurationList section */
		C464E89225F76C7B005219AB /* Build configuration list for PBXProject "Music" */ = {
			isa = XCConfigurationList;
			buildConfigurations = (
				C464E8A925F76C7F005219AB /* Debug */,
				C464E8AA25F76C7F005219AB /* Release */,
			);
			defaultConfigurationIsVisible = 0;
			defaultConfigurationName = Release;
		};
		C464E8AB25F76C7F005219AB /* Build configuration list for PBXNativeTarget "Music" */ = {
			isa = XCConfigurationList;
			buildConfigurations = (
				C464E8AC25F76C7F005219AB /* Debug */,
				C464E8AD25F76C7F005219AB /* Release */,
			);
			defaultConfigurationIsVisible = 0;
			defaultConfigurationName = Release;
		};
/* End XCConfigurationList section */
	};
	rootObject = C464E88F25F76C7B005219AB /* Project object */;
}
